
Microsoft Visual Studio Solution File, Format Version 12.00
# Visual Studio 15
VisualStudioVersion = 15.0.27130.2027
MinimumVisualStudioVersion = 10.0.40219.1
Project("{FAE04EC0-301F-11D3-BF4B-00C04F79EFBC}") = "GoogleMapTraffic.Android", "GoogleMapTraffic\GoogleMapTraffic.Android\GoogleMapTraffic.Android.csproj", "{048D172B-58D6-48F6-B565-4D064027BBFC}"
EndProject
Project("{FAE04EC0-301F-11D3-BF4B-00C04F79EFBC}") = "GoogleMapTraffic.iOS", "GoogleMapTraffic\GoogleMapTraffic.iOS\GoogleMapTraffic.iOS.csproj", "{3C3CEF9E-A914-45A3-8928-F99736EB22E9}"
EndProject
Project("{FAE04EC0-301F-11D3-BF4B-00C04F79EFBC}") = "GoogleMapTraffic.UWP", "GoogleMapTraffic\GoogleMapTraffic.UWP\GoogleMapTraffic.UWP.csproj", "{D38C04A0-6C13-480C-B96C-717919765F70}"
EndProject
Project("{FAE04EC0-301F-11D3-BF4B-00C04F79EFBC}") = "GoogleMapTraffic", "GoogleMapTraffic\GoogleMapTraffic\GoogleMapTraffic.csproj", "{9E2F9C92-F813-4677-8454-F83D794A0083}"
EndProject
Global
	GlobalSection(SolutionConfigurationPlatforms) = preSolution
		Ad-Hoc|Any CPU = Ad-Hoc|Any CPU
		Ad-Hoc|ARM = Ad-Hoc|ARM
		Ad-Hoc|iPhone = Ad-Hoc|iPhone
		Ad-Hoc|iPhoneSimulator = Ad-Hoc|iPhoneSimulator
		Ad-Hoc|x64 = Ad-Hoc|x64
		Ad-Hoc|x86 = Ad-Hoc|x86
		AppStore|Any CPU = AppStore|Any CPU
		AppStore|ARM = AppStore|ARM
		AppStore|iPhone = AppStore|iPhone
		AppStore|iPhoneSimulator = AppStore|iPhoneSimulator
		AppStore|x64 = AppStore|x64
		AppStore|x86 = AppStore|x86
		Debug|Any CPU = Debug|Any CPU
		Debug|ARM = Debug|ARM
		Debug|iPhone = Debug|iPhone
		Debug|iPhoneSimulator = Debug|iPhoneSimulator
		Debug|x64 = Debug|x64
		Debug|x86 = Debug|x86
		Release|Any CPU = Release|Any CPU
		Release|ARM = Release|ARM
		Release|iPhone = Release|iPhone
		Release|iPhoneSimulator = Release|iPhoneSimulator
		Release|x64 = Release|x64
		Release|x86 = Release|x86
	EndGlobalSection
	GlobalSection(ProjectConfigurationPlatforms) = postSolution
		{048D172B-58D6-48F6-B565-4D064027BBFC}.Ad-Hoc|Any CPU.ActiveCfg = Release|Any CPU
		{048D172B-58D6-48F6-B565-4D064027BBFC}.Ad-Hoc|Any CPU.Build.0 = Release|Any CPU
		{048D172B-58D6-48F6-B565-4D064027BBFC}.Ad-Hoc|Any CPU.Deploy.0 = Release|Any CPU
		{048D172B-58D6-48F6-B565-4D064027BBFC}.Ad-Hoc|ARM.ActiveCfg = Release|Any CPU
		{048D172B-58D6-48F6-B565-4D064027BBFC}.Ad-Hoc|ARM.Build.0 = Release|Any CPU
		{048D172B-58D6-48F6-B565-4D064027BBFC}.Ad-Hoc|ARM.Deploy.0 = Release|Any CPU
		{048D172B-58D6-48F6-B565-4D064027BBFC}.Ad-Hoc|iPhone.ActiveCfg = Release|Any CPU
		{048D172B-58D6-48F6-B565-4D064027BBFC}.Ad-Hoc|iPhone.Build.0 = Release|Any CPU
		{048D172B-58D6-48F6-B565-4D064027BBFC}.Ad-Hoc|iPhone.Deploy.0 = Release|Any CPU
		{048D172B-58D6-48F6-B565-4D064027BBFC}.Ad-Hoc|iPhoneSimulator.ActiveCfg = Release|Any CPU
		{048D172B-58D6-48F6-B565-4D064027BBFC}.Ad-Hoc|iPhoneSimulator.Build.0 = Release|Any CPU
		{048D172B-58D6-48F6-B565-4D064027BBFC}.Ad-Hoc|iPhoneSimulator.Deploy.0 = Release|Any CPU
		{048D172B-58D6-48F6-B565-4D064027BBFC}.Ad-Hoc|x64.ActiveCfg = Release|Any CPU
		{048D172B-58D6-48F6-B565-4D064027BBFC}.Ad-Hoc|x64.Build.0 = Release|Any CPU
		{048D172B-58D6-48F6-B565-4D064027BBFC}.Ad-Hoc|x64.Deploy.0 = Release|Any CPU
		{048D172B-58D6-48F6-B565-4D064027BBFC}.Ad-Hoc|x86.ActiveCfg = Release|Any CPU
		{048D172B-58D6-48F6-B565-4D064027BBFC}.Ad-Hoc|x86.Build.0 = Release|Any CPU
		{048D172B-58D6-48F6-B565-4D064027BBFC}.Ad-Hoc|x86.Deploy.0 = Release|Any CPU
		{048D172B-58D6-48F6-B565-4D064027BBFC}.AppStore|Any CPU.ActiveCfg = Release|Any CPU
		{048D172B-58D6-48F6-B565-4D064027BBFC}.AppStore|Any CPU.Build.0 = Release|Any CPU
		{048D172B-58D6-48F6-B565-4D064027BBFC}.AppStore|Any CPU.Deploy.0 = Release|Any CPU
		{048D172B-58D6-48F6-B565-4D064027BBFC}.AppStore|ARM.ActiveCfg = Release|Any CPU
		{048D172B-58D6-48F6-B565-4D064027BBFC}.AppStore|ARM.Build.0 = Release|Any CPU
		{048D172B-58D6-48F6-B565-4D064027BBFC}.AppStore|ARM.Deploy.0 = Release|Any CPU
		{048D172B-58D6-48F6-B565-4D064027BBFC}.AppStore|iPhone.ActiveCfg = Release|Any CPU
		{048D172B-58D6-48F6-B565-4D064027BBFC}.AppStore|iPhone.Build.0 = Release|Any CPU
		{048D172B-58D6-48F6-B565-4D064027BBFC}.AppStore|iPhone.Deploy.0 = Release|Any CPU
		{048D172B-58D6-48F6-B565-4D064027BBFC}.AppStore|iPhoneSimulator.ActiveCfg = Release|Any CPU
		{048D172B-58D6-48F6-B565-4D064027BBFC}.AppStore|iPhoneSimulator.Build.0 = Release|Any CPU
		{048D172B-58D6-48F6-B565-4D064027BBFC}.AppStore|iPhoneSimulator.Deploy.0 = Release|Any CPU
		{048D172B-58D6-48F6-B565-4D064027BBFC}.AppStore|x64.ActiveCfg = Release|Any CPU
		{048D172B-58D6-48F6-B565-4D064027BBFC}.AppStore|x64.Build.0 = Release|Any CPU
		{048D172B-58D6-48F6-B565-4D064027BBFC}.AppStore|x64.Deploy.0 = Release|Any CPU
		{048D172B-58D6-48F6-B565-4D064027BBFC}.AppStore|x86.ActiveCfg = Release|Any CPU
		{048D172B-58D6-48F6-B565-4D064027BBFC}.AppStore|x86.Build.0 = Release|Any CPU
		{048D172B-58D6-48F6-B565-4D064027BBFC}.AppStore|x86.Deploy.0 = Release|Any CPU
		{048D172B-58D6-48F6-B565-4D064027BBFC}.Debug|Any CPU.ActiveCfg = Debug|Any CPU
		{048D172B-58D6-48F6-B565-4D064027BBFC}.Debug|Any CPU.Build.0 = Debug|Any CPU
		{048D172B-58D6-48F6-B565-4D064027BBFC}.Debug|Any CPU.Deploy.0 = Debug|Any CPU
		{048D172B-58D6-48F6-B565-4D064027BBFC}.Debug|ARM.ActiveCfg = Debug|Any CPU
		{048D172B-58D6-48F6-B565-4D064027BBFC}.Debug|ARM.Build.0 = Debug|Any CPU
		{048D172B-58D6-48F6-B565-4D064027BBFC}.Debug|ARM.Deploy.0 = Debug|Any CPU
		{048D172B-58D6-48F6-B565-4D064027BBFC}.Debug|iPhone.ActiveCfg = Debug|Any CPU
		{048D172B-58D6-48F6-B565-4D064027BBFC}.Debug|iPhone.Build.0 = Debug|Any CPU
		{048D172B-58D6-48F6-B565-4D064027BBFC}.Debug|iPhone.Deploy.0 = Debug|Any CPU
		{048D172B-58D6-48F6-B565-4D064027BBFC}.Debug|iPhoneSimulator.ActiveCfg = Debug|Any CPU
		{048D172B-58D6-48F6-B565-4D064027BBFC}.Debug|iPhoneSimulator.Build.0 = Debug|Any CPU
		{048D172B-58D6-48F6-B565-4D064027BBFC}.Debug|iPhoneSimulator.Deploy.0 = Debug|Any CPU
		{048D172B-58D6-48F6-B565-4D064027BBFC}.Debug|x64.ActiveCfg = Debug|Any CPU
		{048D172B-58D6-48F6-B565-4D064027BBFC}.Debug|x64.Build.0 = Debug|Any CPU
		{048D172B-58D6-48F6-B565-4D064027BBFC}.Debug|x64.Deploy.0 = Debug|Any CPU
		{048D172B-58D6-48F6-B565-4D064027BBFC}.Debug|x86.ActiveCfg = Debug|Any CPU
		{048D172B-58D6-48F6-B565-4D064027BBFC}.Debug|x86.Build.0 = Debug|Any CPU
		{048D172B-58D6-48F6-B565-4D064027BBFC}.Debug|x86.Deploy.0 = Debug|Any CPU
		{048D172B-58D6-48F6-B565-4D064027BBFC}.Release|Any CPU.ActiveCfg = Release|Any CPU
		{048D172B-58D6-48F6-B565-4D064027BBFC}.Release|Any CPU.Build.0 = Release|Any CPU
		{048D172B-58D6-48F6-B565-4D064027BBFC}.Release|Any CPU.Deploy.0 = Release|Any CPU
		{048D172B-58D6-48F6-B565-4D064027BBFC}.Release|ARM.ActiveCfg = Release|Any CPU
		{048D172B-58D6-48F6-B565-4D064027BBFC}.Release|ARM.Build.0 = Release|Any CPU
		{048D172B-58D6-48F6-B565-4D064027BBFC}.Release|ARM.Deploy.0 = Release|Any CPU
		{048D172B-58D6-48F6-B565-4D064027BBFC}.Release|iPhone.ActiveCfg = Release|Any CPU
		{048D172B-58D6-48F6-B565-4D064027BBFC}.Release|iPhone.Build.0 = Release|Any CPU
		{048D172B-58D6-48F6-B565-4D064027BBFC}.Release|iPhone.Deploy.0 = Release|Any CPU
		{048D172B-58D6-48F6-B565-4D064027BBFC}.Release|iPhoneSimulator.ActiveCfg = Release|Any CPU
		{048D172B-58D6-48F6-B565-4D064027BBFC}.Release|iPhoneSimulator.Build.0 = Release|Any CPU
		{048D172B-58D6-48F6-B565-4D064027BBFC}.Release|iPhoneSimulator.Deploy.0 = Release|Any CPU
		{048D172B-58D6-48F6-B565-4D064027BBFC}.Release|x64.ActiveCfg = Release|Any CPU
		{048D172B-58D6-48F6-B565-4D064027BBFC}.Release|x64.Build.0 = Release|Any CPU
		{048D172B-58D6-48F6-B565-4D064027BBFC}.Release|x64.Deploy.0 = Release|Any CPU
		{048D172B-58D6-48F6-B565-4D064027BBFC}.Release|x86.ActiveCfg = Release|Any CPU
		{048D172B-58D6-48F6-B565-4D064027BBFC}.Release|x86.Build.0 = Release|Any CPU
		{048D172B-58D6-48F6-B565-4D064027BBFC}.Release|x86.Deploy.0 = Release|Any CPU
		{3C3CEF9E-A914-45A3-8928-F99736EB22E9}.Ad-Hoc|Any CPU.ActiveCfg = Ad-Hoc|iPhone
		{3C3CEF9E-A914-45A3-8928-F99736EB22E9}.Ad-Hoc|ARM.ActiveCfg = Ad-Hoc|iPhone
		{3C3CEF9E-A914-45A3-8928-F99736EB22E9}.Ad-Hoc|iPhone.ActiveCfg = Ad-Hoc|iPhone
		{3C3CEF9E-A914-45A3-8928-F99736EB22E9}.Ad-Hoc|iPhone.Build.0 = Ad-Hoc|iPhone
		{3C3CEF9E-A914-45A3-8928-F99736EB22E9}.Ad-Hoc|iPhoneSimulator.ActiveCfg = Ad-Hoc|iPhoneSimulator
		{3C3CEF9E-A914-45A3-8928-F99736EB22E9}.Ad-Hoc|iPhoneSimulator.Build.0 = Ad-Hoc|iPhoneSimulator
		{3C3CEF9E-A914-45A3-8928-F99736EB22E9}.Ad-Hoc|x64.ActiveCfg = Ad-Hoc|iPhone
		{3C3CEF9E-A914-45A3-8928-F99736EB22E9}.Ad-Hoc|x86.ActiveCfg = Ad-Hoc|iPhone
		{3C3CEF9E-A914-45A3-8928-F99736EB22E9}.AppStore|Any CPU.ActiveCfg = AppStore|iPhone
		{3C3CEF9E-A914-45A3-8928-F99736EB22E9}.AppStore|ARM.ActiveCfg = AppStore|iPhone
		{3C3CEF9E-A914-45A3-8928-F99736EB22E9}.AppStore|iPhone.ActiveCfg = AppStore|iPhone
		{3C3CEF9E-A914-45A3-8928-F99736EB22E9}.AppStore|iPhone.Build.0 = AppStore|iPhone
		{3C3CEF9E-A914-45A3-8928-F99736EB22E9}.AppStore|iPhoneSimulator.ActiveCfg = AppStore|iPhoneSimulator
		{3C3CEF9E-A914-45A3-8928-F99736EB22E9}.AppStore|iPhoneSimulator.Build.0 = AppStore|iPhoneSimulator
		{3C3CEF9E-A914-45A3-8928-F99736EB22E9}.AppStore|x64.ActiveCfg = AppStore|iPhone
		{3C3CEF9E-A914-45A3-8928-F99736EB22E9}.AppStore|x86.ActiveCfg = AppStore|iPhone
		{3C3CEF9E-A914-45A3-8928-F99736EB22E9}.Debug|Any CPU.ActiveCfg = Debug|iPhone
		{3C3CEF9E-A914-45A3-8928-F99736EB22E9}.Debug|ARM.ActiveCfg = Debug|iPhone
		{3C3CEF9E-A914-45A3-8928-F99736EB22E9}.Debug|iPhone.ActiveCfg = Debug|iPhone
		{3C3CEF9E-A914-45A3-8928-F99736EB22E9}.Debug|iPhone.Build.0 = Debug|iPhone
		{3C3CEF9E-A914-45A3-8928-F99736EB22E9}.Debug|iPhoneSimulator.ActiveCfg = Debug|iPhoneSimulator
		{3C3CEF9E-A914-45A3-8928-F99736EB22E9}.Debug|iPhoneSimulator.Build.0 = Debug|iPhoneSimulator
		{3C3CEF9E-A914-45A3-8928-F99736EB22E9}.Debug|x64.ActiveCfg = Debug|iPhone
		{3C3CEF9E-A914-45A3-8928-F99736EB22E9}.Debug|x86.ActiveCfg = Debug|iPhone
		{3C3CEF9E-A914-45A3-8928-F99736EB22E9}.Release|Any CPU.ActiveCfg = Release|iPhone
		{3C3CEF9E-A914-45A3-8928-F99736EB22E9}.Release|ARM.ActiveCfg = Release|iPhone
		{3C3CEF9E-A914-45A3-8928-F99736EB22E9}.Release|iPhone.ActiveCfg = Release|iPhone
		{3C3CEF9E-A914-45A3-8928-F99736EB22E9}.Release|iPhone.Build.0 = Release|iPhone
		{3C3CEF9E-A914-45A3-8928-F99736EB22E9}.Release|iPhoneSimulator.ActiveCfg = Release|iPhoneSimulator
		{3C3CEF9E-A914-45A3-8928-F99736EB22E9}.Release|iPhoneSimulator.Build.0 = Release|iPhoneSimulator
		{3C3CEF9E-A914-45A3-8928-F99736EB22E9}.Release|x64.ActiveCfg = Release|iPhone
		{3C3CEF9E-A914-45A3-8928-F99736EB22E9}.Release|x86.ActiveCfg = Release|iPhone
		{D38C04A0-6C13-480C-B96C-717919765F70}.Ad-Hoc|Any CPU.ActiveCfg = Release|x86
		{D38C04A0-6C13-480C-B96C-717919765F70}.Ad-Hoc|Any CPU.Build.0 = Release|x86
		{D38C04A0-6C13-480C-B96C-717919765F70}.Ad-Hoc|Any CPU.Deploy.0 = Release|x86
		{D38C04A0-6C13-480C-B96C-717919765F70}.Ad-Hoc|ARM.ActiveCfg = Release|ARM
		{D38C04A0-6C13-480C-B96C-717919765F70}.Ad-Hoc|ARM.Build.0 = Release|ARM
		{D38C04A0-6C13-480C-B96C-717919765F70}.Ad-Hoc|ARM.Deploy.0 = Release|ARM
		{D38C04A0-6C13-480C-B96C-717919765F70}.Ad-Hoc|iPhone.ActiveCfg = Release|x86
		{D38C04A0-6C13-480C-B96C-717919765F70}.Ad-Hoc|iPhone.Build.0 = Release|x86
		{D38C04A0-6C13-480C-B96C-717919765F70}.Ad-Hoc|iPhone.Deploy.0 = Release|x86
		{D38C04A0-6C13-480C-B96C-717919765F70}.Ad-Hoc|iPhoneSimulator.ActiveCfg = Release|x86
		{D38C04A0-6C13-480C-B96C-717919765F70}.Ad-Hoc|iPhoneSimulator.Build.0 = Release|x86
		{D38C04A0-6C13-480C-B96C-717919765F70}.Ad-Hoc|iPhoneSimulator.Deploy.0 = Release|x86
		{D38C04A0-6C13-480C-B96C-717919765F70}.Ad-Hoc|x64.ActiveCfg = Release|x64
		{D38C04A0-6C13-480C-B96C-717919765F70}.Ad-Hoc|x64.Build.0 = Release|x64
		{D38C04A0-6C13-480C-B96C-717919765F70}.Ad-Hoc|x64.Deploy.0 = Release|x64
		{D38C04A0-6C13-480C-B96C-717919765F70}.Ad-Hoc|x86.ActiveCfg = Release|x86
		{D38C04A0-6C13-480C-B96C-717919765F70}.Ad-Hoc|x86.Build.0 = Release|x86
		{D38C04A0-6C13-480C-B96C-717919765F70}.Ad-Hoc|x86.Deploy.0 = Release|x86
		{D38C04A0-6C13-480C-B96C-717919765F70}.AppStore|Any CPU.ActiveCfg = Release|x86
		{D38C04A0-6C13-480C-B96C-717919765F70}.AppStore|Any CPU.Build.0 = Release|x86
		{D38C04A0-6C13-480C-B96C-717919765F70}.AppStore|Any CPU.Deploy.0 = Release|x86
		{D38C04A0-6C13-480C-B96C-717919765F70}.AppStore|ARM.ActiveCfg = Release|ARM
		{D38C04A0-6C13-480C-B96C-717919765F70}.AppStore|ARM.Build.0 = Release|ARM
		{D38C04A0-6C13-480C-B96C-717919765F70}.AppStore|ARM.Deploy.0 = Release|ARM
		{D38C04A0-6C13-480C-B96C-717919765F70}.AppStore|iPhone.ActiveCfg = Release|x86
		{D38C04A0-6C13-480C-B96C-717919765F70}.AppStore|iPhone.Build.0 = Release|x86
		{D38C04A0-6C13-480C-B96C-717919765F70}.AppStore|iPhone.Deploy.0 = Release|x86
		{D38C04A0-6C13-480C-B96C-717919765F70}.AppStore|iPhoneSimulator.ActiveCfg = Release|x86
		{D38C04A0-6C13-480C-B96C-717919765F70}.AppStore|iPhoneSimulator.Build.0 = Release|x86
		{D38C04A0-6C13-480C-B96C-717919765F70}.AppStore|iPhoneSimulator.Deploy.0 = Release|x86
		{D38C04A0-6C13-480C-B96C-717919765F70}.AppStore|x64.ActiveCfg = Release|x64
		{D38C04A0-6C13-480C-B96C-717919765F70}.AppStore|x64.Build.0 = Release|x64
		{D38C04A0-6C13-480C-B96C-717919765F70}.AppStore|x64.Deploy.0 = Release|x64
		{D38C04A0-6C13-480C-B96C-717919765F70}.AppStore|x86.ActiveCfg = Release|x86
		{D38C04A0-6C13-480C-B96C-717919765F70}.AppStore|x86.Build.0 = Release|x86
		{D38C04A0-6C13-480C-B96C-717919765F70}.AppStore|x86.Deploy.0 = Release|x86
		{D38C04A0-6C13-480C-B96C-717919765F70}.Debug|Any CPU.ActiveCfg = Debug|x86
		{D38C04A0-6C13-480C-B96C-717919765F70}.Debug|ARM.ActiveCfg = Debug|ARM
		{D38C04A0-6C13-480C-B96C-717919765F70}.Debug|ARM.Build.0 = Debug|ARM
		{D38C04A0-6C13-480C-B96C-717919765F70}.Debug|ARM.Deploy.0 = Debug|ARM
		{D38C04A0-6C13-480C-B96C-717919765F70}.Debug|iPhone.ActiveCfg = Debug|x86
		{D38C04A0-6C13-480C-B96C-717919765F70}.Debug|iPhoneSimulator.ActiveCfg = Debug|x86
		{D38C04A0-6C13-480C-B96C-717919765F70}.Debug|x64.ActiveCfg = Debug|x64
		{D38C04A0-6C13-480C-B96C-717919765F70}.Debug|x64.Build.0 = Debug|x64
		{D38C04A0-6C13-480C-B96C-717919765F70}.Debug|x64.Deploy.0 = Debug|x64
		{D38C04A0-6C13-480C-B96C-717919765F70}.Debug|x86.ActiveCfg = Debug|x86
		{D38C04A0-6C13-480C-B96C-717919765F70}.Debug|x86.Build.0 = Debug|x86
		{D38C04A0-6C13-480C-B96C-717919765F70}.Debug|x86.Deploy.0 = Debug|x86
		{D38C04A0-6C13-480C-B96C-717919765F70}.Release|Any CPU.ActiveCfg = Release|x86
		{D38C04A0-6C13-480C-B96C-717919765F70}.Release|ARM.ActiveCfg = Release|ARM
		{D38C04A0-6C13-480C-B96C-717919765F70}.Release|ARM.Build.0 = Release|ARM
		{D38C04A0-6C13-480C-B96C-717919765F70}.Release|ARM.Deploy.0 = Release|ARM
		{D38C04A0-6C13-480C-B96C-717919765F70}.Release|iPhone.ActiveCfg = Release|x86
		{D38C04A0-6C13-480C-B96C-717919765F70}.Release|iPhoneSimulator.ActiveCfg = Release|x86
		{D38C04A0-6C13-480C-B96C-717919765F70}.Release|x64.ActiveCfg = Release|x64
		{D38C04A0-6C13-480C-B96C-717919765F70}.Release|x64.Build.0 = Release|x64
		{D38C04A0-6C13-480C-B96C-717919765F70}.Release|x64.Deploy.0 = Release|x64
		{D38C04A0-6C13-480C-B96C-717919765F70}.Release|x86.ActiveCfg = Release|x86
		{D38C04A0-6C13-480C-B96C-717919765F70}.Release|x86.Build.0 = Release|x86
		{D38C04A0-6C13-480C-B96C-717919765F70}.Release|x86.Deploy.0 = Release|x86
		{9E2F9C92-F813-4677-8454-F83D794A0083}.Ad-Hoc|Any CPU.ActiveCfg = Debug|Any CPU
		{9E2F9C92-F813-4677-8454-F83D794A0083}.Ad-Hoc|Any CPU.Build.0 = Debug|Any CPU
		{9E2F9C92-F813-4677-8454-F83D794A0083}.Ad-Hoc|ARM.ActiveCfg = Debug|Any CPU
		{9E2F9C92-F813-4677-8454-F83D794A0083}.Ad-Hoc|ARM.Build.0 = Debug|Any CPU
		{9E2F9C92-F813-4677-8454-F83D794A0083}.Ad-Hoc|iPhone.ActiveCfg = Debug|Any CPU
		{9E2F9C92-F813-4677-8454-F83D794A0083}.Ad-Hoc|iPhone.Build.0 = Debug|Any CPU
		{9E2F9C92-F813-4677-8454-F83D794A0083}.Ad-Hoc|iPhoneSimulator.ActiveCfg = Debug|Any CPU
		{9E2F9C92-F813-4677-8454-F83D794A0083}.Ad-Hoc|iPhoneSimulator.Build.0 = Debug|Any CPU
		{9E2F9C92-F813-4677-8454-F83D794A0083}.Ad-Hoc|x64.ActiveCfg = Debug|Any CPU
		{9E2F9C92-F813-4677-8454-F83D794A0083}.Ad-Hoc|x64.Build.0 = Debug|Any CPU
		{9E2F9C92-F813-4677-8454-F83D794A0083}.Ad-Hoc|x86.ActiveCfg = Debug|Any CPU
		{9E2F9C92-F813-4677-8454-F83D794A0083}.Ad-Hoc|x86.Build.0 = Debug|Any CPU
		{9E2F9C92-F813-4677-8454-F83D794A0083}.AppStore|Any CPU.ActiveCfg = Debug|Any CPU
		{9E2F9C92-F813-4677-8454-F83D794A0083}.AppStore|Any CPU.Build.0 = Debug|Any CPU
		{9E2F9C92-F813-4677-8454-F83D794A0083}.AppStore|ARM.ActiveCfg = Debug|Any CPU
		{9E2F9C92-F813-4677-8454-F83D794A0083}.AppStore|ARM.Build.0 = Debug|Any CPU
		{9E2F9C92-F813-4677-8454-F83D794A0083}.AppStore|iPhone.ActiveCfg = Debug|Any CPU
		{9E2F9C92-F813-4677-8454-F83D794A0083}.AppStore|iPhone.Build.0 = Debug|Any CPU
		{9E2F9C92-F813-4677-8454-F83D794A0083}.AppStore|iPhoneSimulator.ActiveCfg = Debug|Any CPU
		{9E2F9C92-F813-4677-8454-F83D794A0083}.AppStore|iPhoneSimulator.Build.0 = Debug|Any CPU
		{9E2F9C92-F813-4677-8454-F83D794A0083}.AppStore|x64.ActiveCfg = Debug|Any CPU
		{9E2F9C92-F813-4677-8454-F83D794A0083}.AppStore|x64.Build.0 = Debug|Any CPU
		{9E2F9C92-F813-4677-8454-F83D794A0083}.AppStore|x86.ActiveCfg = Debug|Any CPU
		{9E2F9C92-F813-4677-8454-F83D794A0083}.AppStore|x86.Build.0 = Debug|Any CPU
		{9E2F9C92-F813-4677-8454-F83D794A0083}.Debug|Any CPU.ActiveCfg = Debug|Any CPU
		{9E2F9C92-F813-4677-8454-F83D794A0083}.Debug|Any CPU.Build.0 = Debug|Any CPU
		{9E2F9C92-F813-4677-8454-F83D794A0083}.Debug|ARM.ActiveCfg = Debug|Any CPU
		{9E2F9C92-F813-4677-8454-F83D794A0083}.Debug|ARM.Build.0 = Debug|Any CPU
		{9E2F9C92-F813-4677-8454-F83D794A0083}.Debug|iPhone.ActiveCfg = Debug|Any CPU
		{9E2F9C92-F813-4677-8454-F83D794A0083}.Debug|iPhone.Build.0 = Debug|Any CPU
		{9E2F9C92-F813-4677-8454-F83D794A0083}.Debug|iPhoneSimulator.ActiveCfg = Debug|Any CPU
		{9E2F9C92-F813-4677-8454-F83D794A0083}.Debug|iPhoneSimulator.Build.0 = Debug|Any CPU
		{9E2F9C92-F813-4677-8454-F83D794A0083}.Debug|x64.ActiveCfg = Debug|Any CPU
		{9E2F9C92-F813-4677-8454-F83D794A0083}.Debug|x64.Build.0 = Debug|Any CPU
		{9E2F9C92-F813-4677-8454-F83D794A0083}.Debug|x86.ActiveCfg = Debug|Any CPU
		{9E2F9C92-F813-4677-8454-F83D794A0083}.Debug|x86.Build.0 = Debug|Any CPU
		{9E2F9C92-F813-4677-8454-F83D794A0083}.Release|Any CPU.ActiveCfg = Release|Any CPU
		{9E2F9C92-F813-4677-8454-F83D794A0083}.Release|Any CPU.Build.0 = Release|Any CPU
		{9E2F9C92-F813-4677-8454-F83D794A0083}.Release|ARM.ActiveCfg = Release|Any CPU
		{9E2F9C92-F813-4677-8454-F83D794A0083}.Release|ARM.Build.0 = Release|Any CPU
		{9E2F9C92-F813-4677-8454-F83D794A0083}.Release|iPhone.ActiveCfg = Release|Any CPU
		{9E2F9C92-F813-4677-8454-F83D794A0083}.Release|iPhone.Build.0 = Release|Any CPU
		{9E2F9C92-F813-4677-8454-F83D794A0083}.Release|iPhoneSimulator.ActiveCfg = Release|Any CPU
		{9E2F9C92-F813-4677-8454-F83D794A0083}.Release|iPhoneSimulator.Build.0 = Release|Any CPU
		{9E2F9C92-F813-4677-8454-F83D794A0083}.Release|x64.ActiveCfg = Release|Any CPU
		{9E2F9C92-F813-4677-8454-F83D794A0083}.Release|x64.Build.0 = Release|Any CPU
		{9E2F9C92-F813-4677-8454-F83D794A0083}.Release|x86.ActiveCfg = Release|Any CPU
		{9E2F9C92-F813-4677-8454-F83D794A0083}.Release|x86.Build.0 = Release|Any CPU
	EndGlobalSection
	GlobalSection(SolutionProperties) = preSolution
		HideSolutionNode = FALSE
	EndGlobalSection
	GlobalSection(ExtensibilityGlobals) = postSolution
		SolutionGuid = {0DA148A7-B257-4831-B26F-ED69844C3767}
	EndGlobalSection
EndGlobal
